
Microsoft Visual Studio Solution File, Format Version 12.00
# Visual Studio 15
VisualStudioVersion = 15.0.28010.2041
MinimumVisualStudioVersion = 10.0.40219.1
Project("{FAE04EC0-301F-11D3-BF4B-00C04F79EFBC}") = "CCM_simulation", "CCM_simulation\CCM_simulation.csproj", "{549E0BFC-C0F4-4061-BF59-1C0635F47E69}"
EndProject
Project("{FAE04EC0-301F-11D3-BF4B-00C04F79EFBC}") = "CCM_simulation.Tests", "CCM_simulation.Tests\CCM_simulation.Tests.csproj", "{B7DA0257-4686-44EC-8D2F-25AA97790B3F}"
EndProject
Global
	GlobalSection(SolutionConfigurationPlatforms) = preSolution
		Debug|Any CPU = Debug|Any CPU
		Release|Any CPU = Release|Any CPU
	EndGlobalSection
	GlobalSection(ProjectConfigurationPlatforms) = postSolution
		{549E0BFC-C0F4-4061-BF59-1C0635F47E69}.Debug|Any CPU.ActiveCfg = Debug|Any CPU
		{549E0BFC-C0F4-4061-BF59-1C0635F47E69}.Debug|Any CPU.Build.0 = Debug|Any CPU
		{549E0BFC-C0F4-4061-BF59-1C0635F47E69}.Release|Any CPU.ActiveCfg = Release|Any CPU
		{549E0BFC-C0F4-4061-BF59-1C0635F47E69}.Release|Any CPU.Build.0 = Release|Any CPU
		{B7DA0257-4686-44EC-8D2F-25AA97790B3F}.Debug|Any CPU.ActiveCfg = Debug|Any CPU
		{B7DA0257-4686-44EC-8D2F-25AA97790B3F}.Debug|Any CPU.Build.0 = Debug|Any CPU
		{B7DA0257-4686-44EC-8D2F-25AA97790B3F}.Release|Any CPU.ActiveCfg = Release|Any CPU
		{B7DA0257-4686-44EC-8D2F-25AA97790B3F}.Release|Any CPU.Build.0 = Release|Any CPU
	EndGlobalSection
	GlobalSection(SolutionProperties) = preSolution
		HideSolutionNode = FALSE
	EndGlobalSection
	GlobalSection(ExtensibilityGlobals) = postSolution
		SolutionGuid = {3CC6F144-AAED-4551-A6E0-43C2369A46CD}
	EndGlobalSection
EndGlobal
